// !$*UTF8*$!
{
	archiveVersion = 1;
	classes = {
	};
	objectVersion = 56;
	objects = {

/* Begin PBXBuildFile section */
		0103B2222C9FF08C0031314F /* RealmMigration.swift in Sources */ = {isa = PBXBuildFile; fileRef = 0103B2212C9FF08C0031314F /* RealmMigration.swift */; };
		0103B2242C9FF5450031314F /* MocaRealmManager.swift in Sources */ = {isa = PBXBuildFile; fileRef = 0103B2232C9FF5450031314F /* MocaRealmManager.swift */; };
		0103B2462CA29C610031314F /* MapViewController.swift in Sources */ = {isa = PBXBuildFile; fileRef = 0103B2452CA29C610031314F /* MapViewController.swift */; };
		0103B2492CA29E550031314F /* SnapKit in Frameworks */ = {isa = PBXBuildFile; productRef = 0103B2482CA29E550031314F /* SnapKit */; };
		0103B24B2CA693010031314F /* SplashView.swift in Sources */ = {isa = PBXBuildFile; fileRef = 0103B24A2CA693010031314F /* SplashView.swift */; };
		010A09F32C97F40C00B4AF6C /* MOCAApp.swift in Sources */ = {isa = PBXBuildFile; fileRef = 010A09F22C97F40C00B4AF6C /* MOCAApp.swift */; };
		010A09F52C97F40C00B4AF6C /* ContentView.swift in Sources */ = {isa = PBXBuildFile; fileRef = 010A09F42C97F40C00B4AF6C /* ContentView.swift */; };
		010A09F72C97F40E00B4AF6C /* Assets.xcassets in Resources */ = {isa = PBXBuildFile; fileRef = 010A09F62C97F40E00B4AF6C /* Assets.xcassets */; };
		010A09FA2C97F40E00B4AF6C /* Preview Assets.xcassets in Resources */ = {isa = PBXBuildFile; fileRef = 010A09F92C97F40E00B4AF6C /* Preview Assets.xcassets */; };
		0137D2452C97F51800D2BCF4 /* .gitignore in Resources */ = {isa = PBXBuildFile; fileRef = 0137D2442C97F51800D2BCF4 /* .gitignore */; };
		018A14892C97F7D20075FDB5 /* CalendarView.swift in Sources */ = {isa = PBXBuildFile; fileRef = 018A14882C97F7D20075FDB5 /* CalendarView.swift */; };
		018A148D2C97FC690075FDB5 /* Color+.swift in Sources */ = {isa = PBXBuildFile; fileRef = 018A148C2C97FC690075FDB5 /* Color+.swift */; };
		018A14912C9806B70075FDB5 /* HeaderView.swift in Sources */ = {isa = PBXBuildFile; fileRef = 018A14902C9806B70075FDB5 /* HeaderView.swift */; };
		018A14932C9806EA0075FDB5 /* DateView.swift in Sources */ = {isa = PBXBuildFile; fileRef = 018A14922C9806EA0075FDB5 /* DateView.swift */; };
		018A14962C980E0B0075FDB5 /* MapView.swift in Sources */ = {isa = PBXBuildFile; fileRef = 018A14952C980E0B0075FDB5 /* MapView.swift */; };
		018A14992C98152A0075FDB5 /* PostMocaView.swift in Sources */ = {isa = PBXBuildFile; fileRef = 018A14982C98152A0075FDB5 /* PostMocaView.swift */; };
		018A149C2C981EED0075FDB5 /* ImagePicker.swift in Sources */ = {isa = PBXBuildFile; fileRef = 018A149B2C981EED0075FDB5 /* ImagePicker.swift */; };
		018A14A82C9ACA390075FDB5 /* Pretendard-SemiBold.otf in Resources */ = {isa = PBXBuildFile; fileRef = 018A149F2C9ACA390075FDB5 /* Pretendard-SemiBold.otf */; };
		018A14AB2C9ACA390075FDB5 /* Pretendard-Regular.otf in Resources */ = {isa = PBXBuildFile; fileRef = 018A14A02C9ACA390075FDB5 /* Pretendard-Regular.otf */; };
		018A14AE2C9ACA390075FDB5 /* Pretendard-Thin.otf in Resources */ = {isa = PBXBuildFile; fileRef = 018A14A12C9ACA390075FDB5 /* Pretendard-Thin.otf */; };
		018A14B12C9ACA390075FDB5 /* Pretendard-Bold.otf in Resources */ = {isa = PBXBuildFile; fileRef = 018A14A22C9ACA390075FDB5 /* Pretendard-Bold.otf */; };
		018A14B42C9ACA390075FDB5 /* Pretendard-ExtraBold.otf in Resources */ = {isa = PBXBuildFile; fileRef = 018A14A32C9ACA390075FDB5 /* Pretendard-ExtraBold.otf */; };
		018A14B72C9ACA390075FDB5 /* Pretendard-Light.otf in Resources */ = {isa = PBXBuildFile; fileRef = 018A14A42C9ACA390075FDB5 /* Pretendard-Light.otf */; };
		018A14BA2C9ACA390075FDB5 /* Pretendard-Medium.otf in Resources */ = {isa = PBXBuildFile; fileRef = 018A14A52C9ACA390075FDB5 /* Pretendard-Medium.otf */; };
		018A14BD2C9ACA390075FDB5 /* Pretendard-ExtraLight.otf in Resources */ = {isa = PBXBuildFile; fileRef = 018A14A62C9ACA390075FDB5 /* Pretendard-ExtraLight.otf */; };
		018A14C02C9ACA390075FDB5 /* Pretendard-Black.otf in Resources */ = {isa = PBXBuildFile; fileRef = 018A14A72C9ACA390075FDB5 /* Pretendard-Black.otf */; };
		018A14C42C9ACAD80075FDB5 /* Font+.swift in Sources */ = {isa = PBXBuildFile; fileRef = 018A14C32C9ACAD80075FDB5 /* Font+.swift */; };
		018A14C82C9AE13A0075FDB5 /* FindCafeView.swift in Sources */ = {isa = PBXBuildFile; fileRef = 018A14C72C9AE13A0075FDB5 /* FindCafeView.swift */; };
		018A14CC2C9AE2DC0075FDB5 /* APIKey.swift in Sources */ = {isa = PBXBuildFile; fileRef = 018A14CB2C9AE2DC0075FDB5 /* APIKey.swift */; };
		018A14D12C9AE3130075FDB5 /* Cafe.swift in Sources */ = {isa = PBXBuildFile; fileRef = 018A14D02C9AE3130075FDB5 /* Cafe.swift */; };
		018A14DA2C9AF5580075FDB5 /* Todo.swift in Sources */ = {isa = PBXBuildFile; fileRef = 018A14D92C9AF5580075FDB5 /* Todo.swift */; };
		018A14DF2C9AF62E0075FDB5 /* RealmSwift in Frameworks */ = {isa = PBXBuildFile; productRef = 018A14DE2C9AF62E0075FDB5 /* RealmSwift */; };
		018A14E22C9C5F930075FDB5 /* MyPageView.swift in Sources */ = {isa = PBXBuildFile; fileRef = 018A14E12C9C5F930075FDB5 /* MyPageView.swift */; };
		018A14E92C9C6F220075FDB5 /* Moca.swift in Sources */ = {isa = PBXBuildFile; fileRef = 018A14E82C9C6F220075FDB5 /* Moca.swift */; };
		018A14ED2C9D52AB0075FDB5 /* TodoListView.swift in Sources */ = {isa = PBXBuildFile; fileRef = 018A14EC2C9D52AB0075FDB5 /* TodoListView.swift */; };
		018A14EF2C9D541F0075FDB5 /* DismissButton.swift in Sources */ = {isa = PBXBuildFile; fileRef = 018A14EE2C9D541F0075FDB5 /* DismissButton.swift */; };
		018A14F12C9D54DC0075FDB5 /* DateSection.swift in Sources */ = {isa = PBXBuildFile; fileRef = 018A14F02C9D54DC0075FDB5 /* DateSection.swift */; };
		018A14F32C9D553B0075FDB5 /* ImagePickerSection.swift in Sources */ = {isa = PBXBuildFile; fileRef = 018A14F22C9D553B0075FDB5 /* ImagePickerSection.swift */; };
		018A14F52C9D56030075FDB5 /* FindCafeSection.swift in Sources */ = {isa = PBXBuildFile; fileRef = 018A14F42C9D56030075FDB5 /* FindCafeSection.swift */; };
		018A14F72C9D56700075FDB5 /* TodoSection.swift in Sources */ = {isa = PBXBuildFile; fileRef = 018A14F62C9D56700075FDB5 /* TodoSection.swift */; };
		018A14F92C9D56FE0075FDB5 /* SaveButton.swift in Sources */ = {isa = PBXBuildFile; fileRef = 018A14F82C9D56FE0075FDB5 /* SaveButton.swift */; };
		018A14FA2C9D60040075FDB5 /* RealmSwift in Embed Frameworks */ = {isa = PBXBuildFile; productRef = 018A14DE2C9AF62E0075FDB5 /* RealmSwift */; settings = {ATTRIBUTES = (CodeSignOnCopy, ); }; };
		018A14FD2C9D6A3A0075FDB5 /* MocaDetailView.swift in Sources */ = {isa = PBXBuildFile; fileRef = 018A14FC2C9D6A3A0075FDB5 /* MocaDetailView.swift */; };
/* End PBXBuildFile section */

/* Begin PBXCopyFilesBuildPhase section */
		018A14FB2C9D60040075FDB5 /* Embed Frameworks */ = {
			isa = PBXCopyFilesBuildPhase;
			buildActionMask = 2147483647;
			dstPath = "";
			dstSubfolderSpec = 10;
			files = (
				018A14FA2C9D60040075FDB5 /* RealmSwift in Embed Frameworks */,
			);
			name = "Embed Frameworks";
			runOnlyForDeploymentPostprocessing = 0;
		};
/* End PBXCopyFilesBuildPhase section */

/* Begin PBXFileReference section */
		0103B2212C9FF08C0031314F /* RealmMigration.swift */ = {isa = PBXFileReference; lastKnownFileType = sourcecode.swift; path = RealmMigration.swift; sourceTree = "<group>"; };
		0103B2232C9FF5450031314F /* MocaRealmManager.swift */ = {isa = PBXFileReference; lastKnownFileType = sourcecode.swift; path = MocaRealmManager.swift; sourceTree = "<group>"; };
		0103B2452CA29C610031314F /* MapViewController.swift */ = {isa = PBXFileReference; lastKnownFileType = sourcecode.swift; path = MapViewController.swift; sourceTree = "<group>"; };
		0103B24A2CA693010031314F /* SplashView.swift */ = {isa = PBXFileReference; lastKnownFileType = sourcecode.swift; path = SplashView.swift; sourceTree = "<group>"; };
		010A09EF2C97F40C00B4AF6C /* MOCA.app */ = {isa = PBXFileReference; explicitFileType = wrapper.application; includeInIndex = 0; path = MOCA.app; sourceTree = BUILT_PRODUCTS_DIR; };
		010A09F22C97F40C00B4AF6C /* MOCAApp.swift */ = {isa = PBXFileReference; lastKnownFileType = sourcecode.swift; path = MOCAApp.swift; sourceTree = "<group>"; };
		010A09F42C97F40C00B4AF6C /* ContentView.swift */ = {isa = PBXFileReference; lastKnownFileType = sourcecode.swift; path = ContentView.swift; sourceTree = "<group>"; };
		010A09F62C97F40E00B4AF6C /* Assets.xcassets */ = {isa = PBXFileReference; lastKnownFileType = folder.assetcatalog; path = Assets.xcassets; sourceTree = "<group>"; };
		010A09F92C97F40E00B4AF6C /* Preview Assets.xcassets */ = {isa = PBXFileReference; lastKnownFileType = folder.assetcatalog; path = "Preview Assets.xcassets"; sourceTree = "<group>"; };
		0137D2442C97F51800D2BCF4 /* .gitignore */ = {isa = PBXFileReference; lastKnownFileType = text; path = .gitignore; sourceTree = "<group>"; };
		018A14882C97F7D20075FDB5 /* CalendarView.swift */ = {isa = PBXFileReference; lastKnownFileType = sourcecode.swift; path = CalendarView.swift; sourceTree = "<group>"; };
		018A148C2C97FC690075FDB5 /* Color+.swift */ = {isa = PBXFileReference; lastKnownFileType = sourcecode.swift; path = "Color+.swift"; sourceTree = "<group>"; };
		018A14902C9806B70075FDB5 /* HeaderView.swift */ = {isa = PBXFileReference; lastKnownFileType = sourcecode.swift; path = HeaderView.swift; sourceTree = "<group>"; };
		018A14922C9806EA0075FDB5 /* DateView.swift */ = {isa = PBXFileReference; lastKnownFileType = sourcecode.swift; path = DateView.swift; sourceTree = "<group>"; };
		018A14952C980E0B0075FDB5 /* MapView.swift */ = {isa = PBXFileReference; lastKnownFileType = sourcecode.swift; path = MapView.swift; sourceTree = "<group>"; };
		018A14982C98152A0075FDB5 /* PostMocaView.swift */ = {isa = PBXFileReference; lastKnownFileType = sourcecode.swift; path = PostMocaView.swift; sourceTree = "<group>"; };
		018A149A2C981C5D0075FDB5 /* Info.plist */ = {isa = PBXFileReference; lastKnownFileType = text.plist; path = Info.plist; sourceTree = "<group>"; };
		018A149B2C981EED0075FDB5 /* ImagePicker.swift */ = {isa = PBXFileReference; lastKnownFileType = sourcecode.swift; path = ImagePicker.swift; sourceTree = "<group>"; };
		018A149F2C9ACA390075FDB5 /* Pretendard-SemiBold.otf */ = {isa = PBXFileReference; lastKnownFileType = file; path = "Pretendard-SemiBold.otf"; sourceTree = "<group>"; };
		018A14A02C9ACA390075FDB5 /* Pretendard-Regular.otf */ = {isa = PBXFileReference; lastKnownFileType = file; path = "Pretendard-Regular.otf"; sourceTree = "<group>"; };
		018A14A12C9ACA390075FDB5 /* Pretendard-Thin.otf */ = {isa = PBXFileReference; lastKnownFileType = file; path = "Pretendard-Thin.otf"; sourceTree = "<group>"; };
		018A14A22C9ACA390075FDB5 /* Pretendard-Bold.otf */ = {isa = PBXFileReference; lastKnownFileType = file; path = "Pretendard-Bold.otf"; sourceTree = "<group>"; };
		018A14A32C9ACA390075FDB5 /* Pretendard-ExtraBold.otf */ = {isa = PBXFileReference; lastKnownFileType = file; path = "Pretendard-ExtraBold.otf"; sourceTree = "<group>"; };
		018A14A42C9ACA390075FDB5 /* Pretendard-Light.otf */ = {isa = PBXFileReference; lastKnownFileType = file; path = "Pretendard-Light.otf"; sourceTree = "<group>"; };
		018A14A52C9ACA390075FDB5 /* Pretendard-Medium.otf */ = {isa = PBXFileReference; lastKnownFileType = file; path = "Pretendard-Medium.otf"; sourceTree = "<group>"; };
		018A14A62C9ACA390075FDB5 /* Pretendard-ExtraLight.otf */ = {isa = PBXFileReference; lastKnownFileType = file; path = "Pretendard-ExtraLight.otf"; sourceTree = "<group>"; };
		018A14A72C9ACA390075FDB5 /* Pretendard-Black.otf */ = {isa = PBXFileReference; lastKnownFileType = file; path = "Pretendard-Black.otf"; sourceTree = "<group>"; };
		018A14C32C9ACAD80075FDB5 /* Font+.swift */ = {isa = PBXFileReference; lastKnownFileType = sourcecode.swift; path = "Font+.swift"; sourceTree = "<group>"; };
		018A14C72C9AE13A0075FDB5 /* FindCafeView.swift */ = {isa = PBXFileReference; lastKnownFileType = sourcecode.swift; path = FindCafeView.swift; sourceTree = "<group>"; };
		018A14CB2C9AE2DC0075FDB5 /* APIKey.swift */ = {isa = PBXFileReference; lastKnownFileType = sourcecode.swift; path = APIKey.swift; sourceTree = "<group>"; };
		018A14D02C9AE3130075FDB5 /* Cafe.swift */ = {isa = PBXFileReference; lastKnownFileType = sourcecode.swift; path = Cafe.swift; sourceTree = "<group>"; };
		018A14D92C9AF5580075FDB5 /* Todo.swift */ = {isa = PBXFileReference; lastKnownFileType = sourcecode.swift; path = Todo.swift; sourceTree = "<group>"; };
		018A14E12C9C5F930075FDB5 /* MyPageView.swift */ = {isa = PBXFileReference; lastKnownFileType = sourcecode.swift; path = MyPageView.swift; sourceTree = "<group>"; };
		018A14E82C9C6F220075FDB5 /* Moca.swift */ = {isa = PBXFileReference; lastKnownFileType = sourcecode.swift; path = Moca.swift; sourceTree = "<group>"; };
		018A14EC2C9D52AB0075FDB5 /* TodoListView.swift */ = {isa = PBXFileReference; lastKnownFileType = sourcecode.swift; path = TodoListView.swift; sourceTree = "<group>"; };
		018A14EE2C9D541F0075FDB5 /* DismissButton.swift */ = {isa = PBXFileReference; lastKnownFileType = sourcecode.swift; path = DismissButton.swift; sourceTree = "<group>"; };
		018A14F02C9D54DC0075FDB5 /* DateSection.swift */ = {isa = PBXFileReference; lastKnownFileType = sourcecode.swift; path = DateSection.swift; sourceTree = "<group>"; };
		018A14F22C9D553B0075FDB5 /* ImagePickerSection.swift */ = {isa = PBXFileReference; lastKnownFileType = sourcecode.swift; path = ImagePickerSection.swift; sourceTree = "<group>"; };
		018A14F42C9D56030075FDB5 /* FindCafeSection.swift */ = {isa = PBXFileReference; lastKnownFileType = sourcecode.swift; path = FindCafeSection.swift; sourceTree = "<group>"; };
		018A14F62C9D56700075FDB5 /* TodoSection.swift */ = {isa = PBXFileReference; lastKnownFileType = sourcecode.swift; path = TodoSection.swift; sourceTree = "<group>"; };
		018A14F82C9D56FE0075FDB5 /* SaveButton.swift */ = {isa = PBXFileReference; lastKnownFileType = sourcecode.swift; path = SaveButton.swift; sourceTree = "<group>"; };
		018A14FC2C9D6A3A0075FDB5 /* MocaDetailView.swift */ = {isa = PBXFileReference; lastKnownFileType = sourcecode.swift; path = MocaDetailView.swift; sourceTree = "<group>"; };
/* End PBXFileReference section */

/* Begin PBXFrameworksBuildPhase section */
		010A09EC2C97F40C00B4AF6C /* Frameworks */ = {
			isa = PBXFrameworksBuildPhase;
			buildActionMask = 2147483647;
			files = (
				018A14DF2C9AF62E0075FDB5 /* RealmSwift in Frameworks */,
				0103B2492CA29E550031314F /* SnapKit in Frameworks */,
			);
			runOnlyForDeploymentPostprocessing = 0;
		};
/* End PBXFrameworksBuildPhase section */

/* Begin PBXGroup section */
		0103B2302CA14E560031314F /* App */ = {
			isa = PBXGroup;
			children = (
				010A09F22C97F40C00B4AF6C /* MOCAApp.swift */,
			);
			path = App;
			sourceTree = "<group>";
		};
		0103B2312CA14E720031314F /* Source */ = {
			isa = PBXGroup;
			children = (
				0103B2302CA14E560031314F /* App */,
				018A148B2C97FC5C0075FDB5 /* Extension */,
				018A14E72C9C6F160075FDB5 /* Realm */,
				018A14CF2C9AE3090075FDB5 /* Model */,
				0103B2322CA14E9A0031314F /* Presentation */,
			);
			path = Source;
			sourceTree = "<group>";
		};
		0103B2322CA14E9A0031314F /* Presentation */ = {
			isa = PBXGroup;
			children = (
				010A09F42C97F40C00B4AF6C /* ContentView.swift */,
				0103B24A2CA693010031314F /* SplashView.swift */,
				018A148A2C97F9B00075FDB5 /* Calendar */,
				018A14972C9814FF0075FDB5 /* PostMoca */,
				018A14942C980E000075FDB5 /* Map */,
				018A14E02C9C5F7F0075FDB5 /* MyPage */,
			);
			path = Presentation;
			sourceTree = "<group>";
		};
		010A09E62C97F40C00B4AF6C = {
			isa = PBXGroup;
			children = (
				0137D2442C97F51800D2BCF4 /* .gitignore */,
				010A09F12C97F40C00B4AF6C /* MOCA */,
				010A09F02C97F40C00B4AF6C /* Products */,
			);
			sourceTree = "<group>";
		};
		010A09F02C97F40C00B4AF6C /* Products */ = {
			isa = PBXGroup;
			children = (
				010A09EF2C97F40C00B4AF6C /* MOCA.app */,
			);
			name = Products;
			sourceTree = "<group>";
		};
		010A09F12C97F40C00B4AF6C /* MOCA */ = {
			isa = PBXGroup;
			children = (
				018A149A2C981C5D0075FDB5 /* Info.plist */,
				018A14CB2C9AE2DC0075FDB5 /* APIKey.swift */,
				018A149D2C9AC9BC0075FDB5 /* Resource */,
				0103B2312CA14E720031314F /* Source */,
			);
			path = MOCA;
			sourceTree = "<group>";
		};
		010A09F82C97F40E00B4AF6C /* Preview Content */ = {
			isa = PBXGroup;
			children = (
				010A09F92C97F40E00B4AF6C /* Preview Assets.xcassets */,
			);
			path = "Preview Content";
			sourceTree = "<group>";
		};
		018A148A2C97F9B00075FDB5 /* Calendar */ = {
			isa = PBXGroup;
			children = (
				018A14882C97F7D20075FDB5 /* CalendarView.swift */,
				018A14902C9806B70075FDB5 /* HeaderView.swift */,
				018A14922C9806EA0075FDB5 /* DateView.swift */,
				018A14FC2C9D6A3A0075FDB5 /* MocaDetailView.swift */,
			);
			path = Calendar;
			sourceTree = "<group>";
		};
		018A148B2C97FC5C0075FDB5 /* Extension */ = {
			isa = PBXGroup;
			children = (
				018A148C2C97FC690075FDB5 /* Color+.swift */,
				018A14C32C9ACAD80075FDB5 /* Font+.swift */,
			);
			path = Extension;
			sourceTree = "<group>";
		};
		018A14942C980E000075FDB5 /* Map */ = {
			isa = PBXGroup;
			children = (
				018A14952C980E0B0075FDB5 /* MapView.swift */,
				0103B2452CA29C610031314F /* MapViewController.swift */,
			);
			path = Map;
			sourceTree = "<group>";
		};
		018A14972C9814FF0075FDB5 /* PostMoca */ = {
			isa = PBXGroup;
			children = (
				018A14982C98152A0075FDB5 /* PostMocaView.swift */,
				018A149B2C981EED0075FDB5 /* ImagePicker.swift */,
				018A14C72C9AE13A0075FDB5 /* FindCafeView.swift */,
				018A14EC2C9D52AB0075FDB5 /* TodoListView.swift */,
				018A14EE2C9D541F0075FDB5 /* DismissButton.swift */,
				018A14F02C9D54DC0075FDB5 /* DateSection.swift */,
				018A14F22C9D553B0075FDB5 /* ImagePickerSection.swift */,
				018A14F42C9D56030075FDB5 /* FindCafeSection.swift */,
				018A14F62C9D56700075FDB5 /* TodoSection.swift */,
				018A14F82C9D56FE0075FDB5 /* SaveButton.swift */,
			);
			path = PostMoca;
			sourceTree = "<group>";
		};
		018A149D2C9AC9BC0075FDB5 /* Resource */ = {
			isa = PBXGroup;
			children = (
				010A09F62C97F40E00B4AF6C /* Assets.xcassets */,
				018A149E2C9AC9CB0075FDB5 /* Pretendard */,
				010A09F82C97F40E00B4AF6C /* Preview Content */,
			);
			path = Resource;
			sourceTree = "<group>";
		};
		018A149E2C9AC9CB0075FDB5 /* Pretendard */ = {
			isa = PBXGroup;
			children = (
				018A14A72C9ACA390075FDB5 /* Pretendard-Black.otf */,
				018A14A22C9ACA390075FDB5 /* Pretendard-Bold.otf */,
				018A14A32C9ACA390075FDB5 /* Pretendard-ExtraBold.otf */,
				018A14A62C9ACA390075FDB5 /* Pretendard-ExtraLight.otf */,
				018A14A42C9ACA390075FDB5 /* Pretendard-Light.otf */,
				018A14A52C9ACA390075FDB5 /* Pretendard-Medium.otf */,
				018A14A02C9ACA390075FDB5 /* Pretendard-Regular.otf */,
				018A149F2C9ACA390075FDB5 /* Pretendard-SemiBold.otf */,
				018A14A12C9ACA390075FDB5 /* Pretendard-Thin.otf */,
			);
			path = Pretendard;
			sourceTree = "<group>";
		};
		018A14CF2C9AE3090075FDB5 /* Model */ = {
			isa = PBXGroup;
			children = (
				018A14D02C9AE3130075FDB5 /* Cafe.swift */,
			);
			path = Model;
			sourceTree = "<group>";
		};
		018A14E02C9C5F7F0075FDB5 /* MyPage */ = {
			isa = PBXGroup;
			children = (
				018A14E12C9C5F930075FDB5 /* MyPageView.swift */,
			);
			path = MyPage;
			sourceTree = "<group>";
		};
		018A14E72C9C6F160075FDB5 /* Realm */ = {
			isa = PBXGroup;
			children = (
				018A14D92C9AF5580075FDB5 /* Todo.swift */,
				018A14E82C9C6F220075FDB5 /* Moca.swift */,
				0103B2212C9FF08C0031314F /* RealmMigration.swift */,
				0103B2232C9FF5450031314F /* MocaRealmManager.swift */,
			);
			path = Realm;
			sourceTree = "<group>";
		};
/* End PBXGroup section */

/* Begin PBXNativeTarget section */
		010A09EE2C97F40C00B4AF6C /* MOCA */ = {
			isa = PBXNativeTarget;
			buildConfigurationList = 010A0A132C97F40E00B4AF6C /* Build configuration list for PBXNativeTarget "MOCA" */;
			buildPhases = (
				010A09EB2C97F40C00B4AF6C /* Sources */,
				010A09EC2C97F40C00B4AF6C /* Frameworks */,
				010A09ED2C97F40C00B4AF6C /* Resources */,
				018A14FB2C9D60040075FDB5 /* Embed Frameworks */,
			);
			buildRules = (
			);
			dependencies = (
			);
			name = MOCA;
			packageProductDependencies = (
				018A14DE2C9AF62E0075FDB5 /* RealmSwift */,
				0103B2482CA29E550031314F /* SnapKit */,
			);
			productName = MOCA;
			productReference = 010A09EF2C97F40C00B4AF6C /* MOCA.app */;
			productType = "com.apple.product-type.application";
		};
/* End PBXNativeTarget section */

/* Begin PBXProject section */
		010A09E72C97F40C00B4AF6C /* Project object */ = {
			isa = PBXProject;
			attributes = {
				BuildIndependentTargetsInParallel = 1;
				LastSwiftUpdateCheck = 1530;
				LastUpgradeCheck = 1530;
				TargetAttributes = {
					010A09EE2C97F40C00B4AF6C = {
						CreatedOnToolsVersion = 15.3;
					};
				};
			};
			buildConfigurationList = 010A09EA2C97F40C00B4AF6C /* Build configuration list for PBXProject "MOCA" */;
			compatibilityVersion = "Xcode 14.0";
			developmentRegion = en;
			hasScannedForEncodings = 0;
			knownRegions = (
				en,
				Base,
			);
			mainGroup = 010A09E62C97F40C00B4AF6C;
			packageReferences = (
				018A14DD2C9AF62E0075FDB5 /* XCRemoteSwiftPackageReference "realm-swift" */,
				0103B2472CA29E550031314F /* XCRemoteSwiftPackageReference "SnapKit" */,
			);
			productRefGroup = 010A09F02C97F40C00B4AF6C /* Products */;
			projectDirPath = "";
			projectRoot = "";
			targets = (
				010A09EE2C97F40C00B4AF6C /* MOCA */,
			);
		};
/* End PBXProject section */

/* Begin PBXResourcesBuildPhase section */
		010A09ED2C97F40C00B4AF6C /* Resources */ = {
			isa = PBXResourcesBuildPhase;
			buildActionMask = 2147483647;
			files = (
				010A09FA2C97F40E00B4AF6C /* Preview Assets.xcassets in Resources */,
				018A14BA2C9ACA390075FDB5 /* Pretendard-Medium.otf in Resources */,
				0137D2452C97F51800D2BCF4 /* .gitignore in Resources */,
				018A14B42C9ACA390075FDB5 /* Pretendard-ExtraBold.otf in Resources */,
				018A14B12C9ACA390075FDB5 /* Pretendard-Bold.otf in Resources */,
				018A14AB2C9ACA390075FDB5 /* Pretendard-Regular.otf in Resources */,
				018A14AE2C9ACA390075FDB5 /* Pretendard-Thin.otf in Resources */,
				010A09F72C97F40E00B4AF6C /* Assets.xcassets in Resources */,
				018A14A82C9ACA390075FDB5 /* Pretendard-SemiBold.otf in Resources */,
				018A14B72C9ACA390075FDB5 /* Pretendard-Light.otf in Resources */,
				018A14C02C9ACA390075FDB5 /* Pretendard-Black.otf in Resources */,
				018A14BD2C9ACA390075FDB5 /* Pretendard-ExtraLight.otf in Resources */,
			);
			runOnlyForDeploymentPostprocessing = 0;
		};
/* End PBXResourcesBuildPhase section */

/* Begin PBXSourcesBuildPhase section */
		010A09EB2C97F40C00B4AF6C /* Sources */ = {
			isa = PBXSourcesBuildPhase;
			buildActionMask = 2147483647;
			files = (
				018A14962C980E0B0075FDB5 /* MapView.swift in Sources */,
				018A14932C9806EA0075FDB5 /* DateView.swift in Sources */,
				018A14E22C9C5F930075FDB5 /* MyPageView.swift in Sources */,
				018A14912C9806B70075FDB5 /* HeaderView.swift in Sources */,
				018A149C2C981EED0075FDB5 /* ImagePicker.swift in Sources */,
				018A14FD2C9D6A3A0075FDB5 /* MocaDetailView.swift in Sources */,
				018A14F72C9D56700075FDB5 /* TodoSection.swift in Sources */,
				018A14E92C9C6F220075FDB5 /* Moca.swift in Sources */,
				018A14EF2C9D541F0075FDB5 /* DismissButton.swift in Sources */,
				0103B2242C9FF5450031314F /* MocaRealmManager.swift in Sources */,
				018A14F52C9D56030075FDB5 /* FindCafeSection.swift in Sources */,
				0103B2222C9FF08C0031314F /* RealmMigration.swift in Sources */,
				010A09F52C97F40C00B4AF6C /* ContentView.swift in Sources */,
				0103B24B2CA693010031314F /* SplashView.swift in Sources */,
				018A14ED2C9D52AB0075FDB5 /* TodoListView.swift in Sources */,
				018A14F92C9D56FE0075FDB5 /* SaveButton.swift in Sources */,
				018A148D2C97FC690075FDB5 /* Color+.swift in Sources */,
				018A14C42C9ACAD80075FDB5 /* Font+.swift in Sources */,
				018A14DA2C9AF5580075FDB5 /* Todo.swift in Sources */,
				018A14F12C9D54DC0075FDB5 /* DateSection.swift in Sources */,
				010A09F32C97F40C00B4AF6C /* MOCAApp.swift in Sources */,
				018A14992C98152A0075FDB5 /* PostMocaView.swift in Sources */,
				018A14892C97F7D20075FDB5 /* CalendarView.swift in Sources */,
				0103B2462CA29C610031314F /* MapViewController.swift in Sources */,
				018A14CC2C9AE2DC0075FDB5 /* APIKey.swift in Sources */,
				018A14F32C9D553B0075FDB5 /* ImagePickerSection.swift in Sources */,
				018A14C82C9AE13A0075FDB5 /* FindCafeView.swift in Sources */,
				018A14D12C9AE3130075FDB5 /* Cafe.swift in Sources */,
			);
			runOnlyForDeploymentPostprocessing = 0;
		};
/* End PBXSourcesBuildPhase section */

/* Begin XCBuildConfiguration section */
		010A0A112C97F40E00B4AF6C /* Debug */ = {
			isa = XCBuildConfiguration;
			buildSettings = {
				ALWAYS_SEARCH_USER_PATHS = NO;
				ASSETCATALOG_COMPILER_GENERATE_SWIFT_ASSET_SYMBOL_EXTENSIONS = YES;
				CLANG_ANALYZER_NONNULL = YES;
				CLANG_ANALYZER_NUMBER_OBJECT_CONVERSION = YES_AGGRESSIVE;
				CLANG_CXX_LANGUAGE_STANDARD = "gnu++20";
				CLANG_ENABLE_MODULES = YES;
				CLANG_ENABLE_OBJC_ARC = YES;
				CLANG_ENABLE_OBJC_WEAK = YES;
				CLANG_WARN_BLOCK_CAPTURE_AUTORELEASING = YES;
				CLANG_WARN_BOOL_CONVERSION = YES;
				CLANG_WARN_COMMA = YES;
				CLANG_WARN_CONSTANT_CONVERSION = YES;
				CLANG_WARN_DEPRECATED_OBJC_IMPLEMENTATIONS = YES;
				CLANG_WARN_DIRECT_OBJC_ISA_USAGE = YES_ERROR;
				CLANG_WARN_DOCUMENTATION_COMMENTS = YES;
				CLANG_WARN_EMPTY_BODY = YES;
				CLANG_WARN_ENUM_CONVERSION = YES;
				CLANG_WARN_INFINITE_RECURSION = YES;
				CLANG_WARN_INT_CONVERSION = YES;
				CLANG_WARN_NON_LITERAL_NULL_CONVERSION = YES;
				CLANG_WARN_OBJC_IMPLICIT_RETAIN_SELF = YES;
				CLANG_WARN_OBJC_LITERAL_CONVERSION = YES;
				CLANG_WARN_OBJC_ROOT_CLASS = YES_ERROR;
				CLANG_WARN_QUOTED_INCLUDE_IN_FRAMEWORK_HEADER = YES;
				CLANG_WARN_RANGE_LOOP_ANALYSIS = YES;
				CLANG_WARN_STRICT_PROTOTYPES = YES;
				CLANG_WARN_SUSPICIOUS_MOVE = YES;
				CLANG_WARN_UNGUARDED_AVAILABILITY = YES_AGGRESSIVE;
				CLANG_WARN_UNREACHABLE_CODE = YES;
				CLANG_WARN__DUPLICATE_METHOD_MATCH = YES;
				COPY_PHASE_STRIP = NO;
				DEBUG_INFORMATION_FORMAT = dwarf;
				ENABLE_STRICT_OBJC_MSGSEND = YES;
				ENABLE_TESTABILITY = YES;
				ENABLE_USER_SCRIPT_SANDBOXING = YES;
				GCC_C_LANGUAGE_STANDARD = gnu17;
				GCC_DYNAMIC_NO_PIC = NO;
				GCC_NO_COMMON_BLOCKS = YES;
				GCC_OPTIMIZATION_LEVEL = 0;
				GCC_PREPROCESSOR_DEFINITIONS = (
					"DEBUG=1",
					"$(inherited)",
				);
				GCC_WARN_64_TO_32_BIT_CONVERSION = YES;
				GCC_WARN_ABOUT_RETURN_TYPE = YES_ERROR;
				GCC_WARN_UNDECLARED_SELECTOR = YES;
				GCC_WARN_UNINITIALIZED_AUTOS = YES_AGGRESSIVE;
				GCC_WARN_UNUSED_FUNCTION = YES;
				GCC_WARN_UNUSED_VARIABLE = YES;
				IPHONEOS_DEPLOYMENT_TARGET = 16.0;
				LOCALIZATION_PREFERS_STRING_CATALOGS = YES;
				MTL_ENABLE_DEBUG_INFO = INCLUDE_SOURCE;
				MTL_FAST_MATH = YES;
				ONLY_ACTIVE_ARCH = YES;
				SDKROOT = iphoneos;
				SWIFT_ACTIVE_COMPILATION_CONDITIONS = "DEBUG $(inherited)";
				SWIFT_OPTIMIZATION_LEVEL = "-Onone";
			};
			name = Debug;
		};
		010A0A122C97F40E00B4AF6C /* Release */ = {
			isa = XCBuildConfiguration;
			buildSettings = {
				ALWAYS_SEARCH_USER_PATHS = NO;
				ASSETCATALOG_COMPILER_GENERATE_SWIFT_ASSET_SYMBOL_EXTENSIONS = YES;
				CLANG_ANALYZER_NONNULL = YES;
				CLANG_ANALYZER_NUMBER_OBJECT_CONVERSION = YES_AGGRESSIVE;
				CLANG_CXX_LANGUAGE_STANDARD = "gnu++20";
				CLANG_ENABLE_MODULES = YES;
				CLANG_ENABLE_OBJC_ARC = YES;
				CLANG_ENABLE_OBJC_WEAK = YES;
				CLANG_WARN_BLOCK_CAPTURE_AUTORELEASING = YES;
				CLANG_WARN_BOOL_CONVERSION = YES;
				CLANG_WARN_COMMA = YES;
				CLANG_WARN_CONSTANT_CONVERSION = YES;
				CLANG_WARN_DEPRECATED_OBJC_IMPLEMENTATIONS = YES;
				CLANG_WARN_DIRECT_OBJC_ISA_USAGE = YES_ERROR;
				CLANG_WARN_DOCUMENTATION_COMMENTS = YES;
				CLANG_WARN_EMPTY_BODY = YES;
				CLANG_WARN_ENUM_CONVERSION = YES;
				CLANG_WARN_INFINITE_RECURSION = YES;
				CLANG_WARN_INT_CONVERSION = YES;
				CLANG_WARN_NON_LITERAL_NULL_CONVERSION = YES;
				CLANG_WARN_OBJC_IMPLICIT_RETAIN_SELF = YES;
				CLANG_WARN_OBJC_LITERAL_CONVERSION = YES;
				CLANG_WARN_OBJC_ROOT_CLASS = YES_ERROR;
				CLANG_WARN_QUOTED_INCLUDE_IN_FRAMEWORK_HEADER = YES;
				CLANG_WARN_RANGE_LOOP_ANALYSIS = YES;
				CLANG_WARN_STRICT_PROTOTYPES = YES;
				CLANG_WARN_SUSPICIOUS_MOVE = YES;
				CLANG_WARN_UNGUARDED_AVAILABILITY = YES_AGGRESSIVE;
				CLANG_WARN_UNREACHABLE_CODE = YES;
				CLANG_WARN__DUPLICATE_METHOD_MATCH = YES;
				COPY_PHASE_STRIP = NO;
				DEBUG_INFORMATION_FORMAT = "dwarf-with-dsym";
				ENABLE_NS_ASSERTIONS = NO;
				ENABLE_STRICT_OBJC_MSGSEND = YES;
				ENABLE_USER_SCRIPT_SANDBOXING = YES;
				GCC_C_LANGUAGE_STANDARD = gnu17;
				GCC_NO_COMMON_BLOCKS = YES;
				GCC_WARN_64_TO_32_BIT_CONVERSION = YES;
				GCC_WARN_ABOUT_RETURN_TYPE = YES_ERROR;
				GCC_WARN_UNDECLARED_SELECTOR = YES;
				GCC_WARN_UNINITIALIZED_AUTOS = YES_AGGRESSIVE;
				GCC_WARN_UNUSED_FUNCTION = YES;
				GCC_WARN_UNUSED_VARIABLE = YES;
				IPHONEOS_DEPLOYMENT_TARGET = 16.0;
				LOCALIZATION_PREFERS_STRING_CATALOGS = YES;
				MTL_ENABLE_DEBUG_INFO = NO;
				MTL_FAST_MATH = YES;
				SDKROOT = iphoneos;
				SWIFT_COMPILATION_MODE = wholemodule;
				VALIDATE_PRODUCT = YES;
			};
			name = Release;
		};
		010A0A142C97F40E00B4AF6C /* Debug */ = {
			isa = XCBuildConfiguration;
			buildSettings = {
				ASSETCATALOG_COMPILER_APPICON_NAME = AppIcon;
				ASSETCATALOG_COMPILER_GLOBAL_ACCENT_COLOR_NAME = AccentColor;
				CODE_SIGN_STYLE = Automatic;
				CURRENT_PROJECT_VERSION = 1;
				DEVELOPMENT_ASSET_PATHS = "\"MOCA/Resource/Preview Content\"";
				DEVELOPMENT_TEAM = 7S6PH8TVFD;
				ENABLE_PREVIEWS = YES;
				GENERATE_INFOPLIST_FILE = YES;
				INFOPLIST_FILE = MOCA/Info.plist;
				INFOPLIST_KEY_CFBundleDisplayName = MOCA;
				INFOPLIST_KEY_LSApplicationCategoryType = "public.app-category.lifestyle";
				INFOPLIST_KEY_NSLocationAlwaysAndWhenInUseUsageDescription = "사용자의 위치를 기반으로 주변 카페 정보를 제공하기 위해 권한이 필요합니다.";
				INFOPLIST_KEY_NSLocationWhenInUseUsageDescription = "사용자의 위치를 기반으로 주변 카페 정보를 제공하기 위해 권한이 필요합니다.";
				INFOPLIST_KEY_NSPhotoLibraryUsageDescription = "공부 기록을 위한 사용자의 사진 보관함 접근이 필요합니다.";
				INFOPLIST_KEY_UIApplicationSceneManifest_Generation = YES;
				INFOPLIST_KEY_UIApplicationSupportsIndirectInputEvents = YES;
				INFOPLIST_KEY_UILaunchScreen_Generation = YES;
				INFOPLIST_KEY_UISupportedInterfaceOrientations = UIInterfaceOrientationPortrait;
				INFOPLIST_KEY_UISupportedInterfaceOrientations_iPad = UIInterfaceOrientationPortrait;
				INFOPLIST_KEY_UIUserInterfaceStyle = Light;
				IPHONEOS_DEPLOYMENT_TARGET = 16.0;
				LD_RUNPATH_SEARCH_PATHS = (
					"$(inherited)",
					"@executable_path/Frameworks",
				);
				MARKETING_VERSION = 1.0.1;
				PRODUCT_BUNDLE_IDENTIFIER = com.seokho.MOCA;
				PRODUCT_NAME = "$(TARGET_NAME)";
				SUPPORTED_PLATFORMS = "iphoneos iphonesimulator";
				SUPPORTS_MACCATALYST = NO;
				SUPPORTS_MAC_DESIGNED_FOR_IPHONE_IPAD = NO;
				SUPPORTS_XR_DESIGNED_FOR_IPHONE_IPAD = NO;
				SWIFT_EMIT_LOC_STRINGS = YES;
				SWIFT_VERSION = 5.0;
				TARGETED_DEVICE_FAMILY = 1;
			};
			name = Debug;
		};
		010A0A152C97F40E00B4AF6C /* Release */ = {
			isa = XCBuildConfiguration;
			buildSettings = {
				ASSETCATALOG_COMPILER_APPICON_NAME = AppIcon;
				ASSETCATALOG_COMPILER_GLOBAL_ACCENT_COLOR_NAME = AccentColor;
				CODE_SIGN_STYLE = Automatic;
				CURRENT_PROJECT_VERSION = 1;
				DEVELOPMENT_ASSET_PATHS = "\"MOCA/Resource/Preview Content\"";
				DEVELOPMENT_TEAM = 7S6PH8TVFD;
				ENABLE_PREVIEWS = YES;
				GENERATE_INFOPLIST_FILE = YES;
				INFOPLIST_FILE = MOCA/Info.plist;
				INFOPLIST_KEY_CFBundleDisplayName = MOCA;
				INFOPLIST_KEY_LSApplicationCategoryType = "public.app-category.lifestyle";
				INFOPLIST_KEY_NSLocationAlwaysAndWhenInUseUsageDescription = "사용자의 위치를 기반으로 주변 카페 정보를 제공하기 위해 권한이 필요합니다.";
				INFOPLIST_KEY_NSLocationWhenInUseUsageDescription = "사용자의 위치를 기반으로 주변 카페 정보를 제공하기 위해 권한이 필요합니다.";
				INFOPLIST_KEY_NSPhotoLibraryUsageDescription = "공부 기록을 위한 사용자의 사진 보관함 접근이 필요합니다.";
				INFOPLIST_KEY_UIApplicationSceneManifest_Generation = YES;
				INFOPLIST_KEY_UIApplicationSupportsIndirectInputEvents = YES;
				INFOPLIST_KEY_UILaunchScreen_Generation = YES;
				INFOPLIST_KEY_UISupportedInterfaceOrientations = UIInterfaceOrientationPortrait;
				INFOPLIST_KEY_UISupportedInterfaceOrientations_iPad = UIInterfaceOrientationPortrait;
				INFOPLIST_KEY_UIUserInterfaceStyle = Light;
				IPHONEOS_DEPLOYMENT_TARGET = 16.0;
				LD_RUNPATH_SEARCH_PATHS = (
					"$(inherited)",
					"@executable_path/Frameworks",
				);
				MARKETING_VERSION = 1.0.1;
				PRODUCT_BUNDLE_IDENTIFIER = com.seokho.MOCA;
				PRODUCT_NAME = "$(TARGET_NAME)";
				SUPPORTED_PLATFORMS = "iphoneos iphonesimulator";
				SUPPORTS_MACCATALYST = NO;
				SUPPORTS_MAC_DESIGNED_FOR_IPHONE_IPAD = NO;
				SUPPORTS_XR_DESIGNED_FOR_IPHONE_IPAD = NO;
				SWIFT_EMIT_LOC_STRINGS = YES;
				SWIFT_VERSION = 5.0;
				TARGETED_DEVICE_FAMILY = 1;
			};
			name = Release;
		};
/* End XCBuildConfiguration section */

/* Begin XCConfigurationList section */
		010A09EA2C97F40C00B4AF6C /* Build configuration list for PBXProject "MOCA" */ = {
			isa = XCConfigurationList;
			buildConfigurations = (
				010A0A112C97F40E00B4AF6C /* Debug */,
				010A0A122C97F40E00B4AF6C /* Release */,
			);
			defaultConfigurationIsVisible = 0;
			defaultConfigurationName = Release;
		};
		010A0A132C97F40E00B4AF6C /* Build configuration list for PBXNativeTarget "MOCA" */ = {
			isa = XCConfigurationList;
			buildConfigurations = (
				010A0A142C97F40E00B4AF6C /* Debug */,
				010A0A152C97F40E00B4AF6C /* Release */,
			);
			defaultConfigurationIsVisible = 0;
			defaultConfigurationName = Release;
		};
/* End XCConfigurationList section */

/* Begin XCRemoteSwiftPackageReference section */
		0103B2472CA29E550031314F /* XCRemoteSwiftPackageReference "SnapKit" */ = {
			isa = XCRemoteSwiftPackageReference;
			repositoryURL = "https://github.com/SnapKit/SnapKit";
			requirement = {
				kind = upToNextMajorVersion;
				minimumVersion = 5.7.1;
			};
		};
		018A14DD2C9AF62E0075FDB5 /* XCRemoteSwiftPackageReference "realm-swift" */ = {
			isa = XCRemoteSwiftPackageReference;
			repositoryURL = "https://github.com/realm/realm-swift.git";
			requirement = {
				kind = exactVersion;
				version = 20.0.0;
			};
		};
/* End XCRemoteSwiftPackageReference section */

/* Begin XCSwiftPackageProductDependency section */
		0103B2482CA29E550031314F /* SnapKit */ = {
			isa = XCSwiftPackageProductDependency;
			package = 0103B2472CA29E550031314F /* XCRemoteSwiftPackageReference "SnapKit" */;
			productName = SnapKit;
		};
		018A14DE2C9AF62E0075FDB5 /* RealmSwift */ = {
			isa = XCSwiftPackageProductDependency;
			package = 018A14DD2C9AF62E0075FDB5 /* XCRemoteSwiftPackageReference "realm-swift" */;
			productName = RealmSwift;
		};
/* End XCSwiftPackageProductDependency section */
	};
	rootObject = 010A09E72C97F40C00B4AF6C /* Project object */;
}
